lockfileVersion: '9.0'

settings:
  autoInstallPeers: true
  excludeLinksFromLockfile: false

catalogs:
  default:
    typescript:
      specifier: ^5.9.3
      version: 5.9.3

importers:

  .:
    devDependencies:
      '@biomejs/biome':
        specifier: 2.3.11
        version: 2.3.11
      '@zeroopensource/zero-cli':
        specifier: latest
        version: 0.0.4
      turbo:
        specifier: '^2.8.12 '
        version: 2.8.12
      typescript:
        specifier: 'catalog:'
        version: 5.9.3
      ultracite:
        specifier: 7.0.11
        version: 7.0.11(typescript@5.9.3)

packages:

  '@biomejs/biome@2.3.11':
    resolution: {integrity: sha512-/zt+6qazBWguPG6+eWmiELqO+9jRsMZ/DBU3lfuU2ngtIQYzymocHhKiZRyrbra4aCOoyTg/BmY+6WH5mv9xmQ==}
    engines: {node: '>=14.21.3'}
    hasBin: true

  '@biomejs/cli-darwin-arm64@2.3.11':
    resolution: {integrity: sha512-/uXXkBcPKVQY7rc9Ys2CrlirBJYbpESEDme7RKiBD6MmqR2w3j0+ZZXRIL2xiaNPsIMMNhP1YnA+jRRxoOAFrA==}
    engines: {node: '>=14.21.3'}
    cpu: [arm64]
    os: [darwin]

  '@biomejs/cli-darwin-x64@2.3.11':
    resolution: {integrity: sha512-fh7nnvbweDPm2xEmFjfmq7zSUiox88plgdHF9OIW4i99WnXrAC3o2P3ag9judoUMv8FCSUnlwJCM1B64nO5Fbg==}
    engines: {node: '>=14.21.3'}
    cpu: [x64]
    os: [darwin]

  '@biomejs/cli-linux-arm64-musl@2.3.11':
    resolution: {integrity: sha512-XPSQ+XIPZMLaZ6zveQdwNjbX+QdROEd1zPgMwD47zvHV+tCGB88VH+aynyGxAHdzL+Tm/+DtKST5SECs4iwCLg==}
    engines: {node: '>=14.21.3'}
    cpu: [arm64]
    os: [linux]
    libc: [musl]

  '@biomejs/cli-linux-arm64@2.3.11':
    resolution: {integrity: sha512-l4xkGa9E7Uc0/05qU2lMYfN1H+fzzkHgaJoy98wO+b/7Gl78srbCRRgwYSW+BTLixTBrM6Ede5NSBwt7rd/i6g==}
    engines: {node: '>=14.21.3'}
    cpu: [arm64]
    os: [linux]
    libc: [glibc]

  '@biomejs/cli-linux-x64-musl@2.3.11':
    resolution: {integrity: sha512-vU7a8wLs5C9yJ4CB8a44r12aXYb8yYgBn+WeyzbMjaCMklzCv1oXr8x+VEyWodgJt9bDmhiaW/I0RHbn7rsNmw==}
    engines: {node: '>=14.21.3'}
    cpu: [x64]
    os: [linux]
    libc: [musl]

  '@biomejs/cli-linux-x64@2.3.11':
    resolution: {integrity: sha512-/1s9V/H3cSe0r0Mv/Z8JryF5x9ywRxywomqZVLHAoa/uN0eY7F8gEngWKNS5vbbN/BsfpCG5yeBT5ENh50Frxg==}
    engines: {node: '>=14.21.3'}
    cpu: [x64]
    os: [linux]
    libc: [glibc]

  '@biomejs/cli-win32-arm64@2.3.11':
    resolution: {integrity: sha512-PZQ6ElCOnkYapSsysiTy0+fYX+agXPlWugh6+eQ6uPKI3vKAqNp6TnMhoM3oY2NltSB89hz59o8xIfOdyhi9Iw==}
    engines: {node: '>=14.21.3'}
    cpu: [arm64]
    os: [win32]

  '@biomejs/cli-win32-x64@2.3.11':
    resolution: {integrity: sha512-43VrG813EW+b5+YbDbz31uUsheX+qFKCpXeY9kfdAx+ww3naKxeVkTD9zLIWxUPfJquANMHrmW3wbe/037G0Qg==}
    engines: {node: '>=14.21.3'}
    cpu: [x64]
    os: [win32]

  '@clack/core@0.5.0':
    resolution: {integrity: sha512-p3y0FIOwaYRUPRcMO7+dlmLh8PSRcrjuTndsiA0WAFbWES0mLZlrjVoBRZ9DzkPFJZG6KGkJmoEAY0ZcVWTkow==}

  '@clack/prompts@0.11.0':
    resolution: {integrity: sha512-pMN5FcrEw9hUkZA4f+zLlzivQSeQf5dRGJjSUbvVYDLvpKCdQx5OaknvKzgbtXOizhP+SJJJjqEbOe55uKKfAw==}

  '@isaacs/balanced-match@4.0.1':
    resolution: {integrity: sha512-yzMTt9lEb8Gv7zRioUilSglI0c0smZ9k5D65677DLWLtWJaXIS3CqcGyUFByYKlnUj6TkjLVs54fBl6+TiGQDQ==}
    engines: {node: 20 || >=22}

  '@isaacs/brace-expansion@5.0.0':
    resolution: {integrity: sha512-ZT55BDLV0yv0RBm2czMiZ+SqCGO7AvmOM3G/w2xhVPH+te0aKgFjmBvGlL1dH+ql2tgGO3MVrbb3jCKyvpgnxA==}
    engines: {node: 20 || >=22}

  '@trpc/server@11.8.1':
    resolution: {integrity: sha512-P4rzZRpEL7zDFgjxK65IdyH0e41FMFfTkQkuq0BA5tKcr7E6v9/v38DEklCpoDN6sPiB1Sigy/PUEzHENhswDA==}
    peerDependencies:
      typescript: '>=5.7.2'

  '@zeroopensource/zero-cli@0.0.4':
    resolution: {integrity: sha512-IeGxzg/LNmNKLHW4TIWD6a/eMs2LVDuORv2K0+R0FJ3KdGwhKs6Y5qgmHf/oIUAvL6NqvJxRceAdZd6J6soH2Q==}
    hasBin: true

  '@zeroopensource/zero-id@0.0.3':
    resolution: {integrity: sha512-LHLU05EyrEVTJ+bFUHUueAPYTXKHKlPKbMiL8iDFhDUVeuqFnxJjWSSX5jLI0jImbCbVKh5wXjvHXglZrMqlPg==}
    hasBin: true

  '@zeroopensource/zero-official@0.0.3':
    resolution: {integrity: sha512-3oqWIjtRQWA1CMeWyQLFQnhrhQK5XS7WuWofkzPti4RcVNyxOKpshQmJamAojbaHOMO1ptbt4BR9XUn7Kr0XbA==}
    hasBin: true

  citty@0.1.6:
    resolution: {integrity: sha512-tskPPKEs8D2KPafUypv2gxwJP8h/OaJmC82QQGGDQcHvXX43xF2VDACcJVmZ0EuSxkpO9Kc4MlrA3q0+FG58AQ==}

  commander@10.0.1:
    resolution: {integrity: sha512-y4Mg2tXshplEbSGzx7amzPwKKOCGuoSRP/CjEdwwk0FOGlUbq6lKuoyDZTNZkmxHdJtp54hdfY/JUrdL7Xfdug==}
    engines: {node: '>=14'}

  commander@14.0.2:
    resolution: {integrity: sha512-TywoWNNRbhoD0BXs1P3ZEScW8W5iKrnbithIl0YH+uCmBd0QpPOA8yc82DS3BIE5Ma6FnBVUsJ7wVUDz4dvOWQ==}
    engines: {node: '>=20'}

  confbox@0.2.2:
    resolution: {integrity: sha512-1NB+BKqhtNipMsov4xI/NnhCKp9XG9NamYp5PVm9klAT0fsrNPjaFICsCFhNhwZJKNh7zB/3q8qXz0E9oaMNtQ==}

  consola@3.4.2:
    resolution: {integrity: sha512-5IKcdX0nnYavi6G7TtOhwkYzyjfJlatbjMjuLSfE2kYT5pMDOilZ4OvMhi637CcDICTmz3wARPoyhqyX1Y+XvA==}
    engines: {node: ^14.18.0 || >=16.10.0}

  deepmerge@4.3.1:
    resolution: {integrity: sha512-3sUqbMEc77XqpdNO7FRyRog+eW3ph+GYCbj+rK+uYyRMuwsVy0rMiVtPn+QJlKFvWP/1PYpapqYn0Me2knFn+A==}
    engines: {node: '>=0.10.0'}

  exsolve@1.0.8:
    resolution: {integrity: sha512-LmDxfWXwcTArk8fUEnOfSZpHOJ6zOMUJKOtFLFqJLoKJetuQG874Uc7/Kki7zFLzYybmZhp1M7+98pfMqeX8yA==}

  function-bind@1.1.2:
    resolution: {integrity: sha512-7XHNxH7qX9xG5mIwxkhumTox/MIRNcOgDrxWsMt2pAr23WHp6MrRlN7FBSFpCpr+oVO0F744iUgR82nJMfG2SA==}

  glob@13.0.0:
    resolution: {integrity: sha512-tvZgpqk6fz4BaNZ66ZsRaZnbHvP/jG3uKJvAZOwEVUL4RTA5nJeeLYfyN9/VA8NX/V3IBG+hkeuGpKjvELkVhA==}
    engines: {node: 20 || >=22}

  hasown@2.0.2:
    resolution: {integrity: sha512-0hJU9SCPvmMzIBdZFqNPXWa6dqh7WdH0cII9y+CyS8rG3nL48Bclra9HmKhVVUHyPWNH5Y7xDwAB7bfgSjkUMQ==}
    engines: {node: '>= 0.4'}

  is-core-module@2.16.1:
    resolution: {integrity: sha512-UfoeMA6fIJ8wTYFEUjelnaGI67v6+N7qXJEvQuIGa99l4xsCruSYOVSQ0uPANn4dAzm8lkYPaKLrrijLq7x23w==}
    engines: {node: '>= 0.4'}

  jsonc-parser@3.3.1:
    resolution: {integrity: sha512-HUgH65KyejrUFPvHFPbqOY0rsFip3Bo5wb4ngvdi1EpCYWUQDC5V+Y7mZws+DLkr4M//zQJoanu1SP+87Dv1oQ==}

  lru-cache@11.2.4:
    resolution: {integrity: sha512-B5Y16Jr9LB9dHVkh6ZevG+vAbOsNOYCX+sXvFWFu7B3Iz5mijW3zdbMyhsh8ANd2mSWBYdJgnqi+mL7/LrOPYg==}
    engines: {node: 20 || >=22}

  minimatch@10.1.1:
    resolution: {integrity: sha512-enIvLvRAFZYXJzkCYG5RKmPfrFArdLv+R+lbQ53BmIMLIry74bjKzX6iHAm8WYamJkhSSEabrWN5D97XnKObjQ==}
    engines: {node: 20 || >=22}

  minipass@7.1.2:
    resolution: {integrity: sha512-qOOzS1cBTWYF4BH8fVePDBOO9iptMnGUEZwNc/cMWnTV2nVLZ7VoNWEPHkYczZA0pdoA7dl6e7FL659nX9S2aw==}
    engines: {node: '>=16 || 14 >=14.17'}

  nypm@0.6.2:
    resolution: {integrity: sha512-7eM+hpOtrKrBDCh7Ypu2lJ9Z7PNZBdi/8AT3AX8xoCj43BBVHD0hPSTEvMtkMpfs8FCqBGhxB+uToIQimA111g==}
    engines: {node: ^14.16.0 || >=16.10.0}
    hasBin: true

  path-parse@1.0.7:
    resolution: {integrity: sha512-LDJzPVEEEPR+y48z93A0Ed0yXb8pAByGWo/k5YYdYgpY2/2EsOsksJrq7lOHxryrVOn1ejG6oAp8ahvOIQD8sw==}

  path-scurry@2.0.1:
    resolution: {integrity: sha512-oWyT4gICAu+kaA7QWk/jvCHWarMKNs6pXOGWKDTr7cw4IGcUbW+PeTfbaQiLGheFRpjo6O9J0PmyMfQPjH71oA==}
    engines: {node: 20 || >=22}

  pathe@2.0.3:
    resolution: {integrity: sha512-WUjGcAqP1gQacoQe+OBJsFA7Ld4DyXuUIjZ5cc75cLHvJ7dtNsTugphxIADwspS+AraAUePCKrSVtPLFj/F88w==}

  picocolors@1.1.0:
    resolution: {integrity: sha512-TQ92mBOW0l3LeMeyLV6mzy/kWr8lkd/hp3mTg7wYK7zJhuBStmGMBG0BdeDZS/dZx1IukaX6Bk11zcln25o1Aw==}

  pkg-types@2.3.0:
    resolution: {integrity: sha512-SIqCzDRg0s9npO5XQ3tNZioRY1uK06lA41ynBC1YmFTmnY6FjUjVt6s4LoADmwoig1qqD0oK8h1p/8mlMx8Oig==}

  resolve@1.22.10:
    resolution: {integrity: sha512-NPRy+/ncIMeDlTAsuqwKIiferiawhefFJtkNSW0qZJEqMEb+qBt/77B/jGeeek+F0uOeN05CDa6HXbbIgtVX4w==}
    engines: {node: '>= 0.4'}
    hasBin: true

  sisteransi@1.0.5:
    resolution: {integrity: sha512-bLGGlR1QxBcynn2d5YmDX4MGjlZvy2MRBDRNHLJ8VI6l6+9FUiyTFNJ0IveOSP0bcXgVDPRcfGqA0pjaqUpfVg==}

  supports-preserve-symlinks-flag@1.0.0:
    resolution: {integrity: sha512-ot0WnXS9fgdkgIcePe6RHNk1WA8+muPa6cSjeR3V8K27q9BB1rTE3R1p7Hv0z1ZyAc8s6Vvv8DIyWf681MAt0w==}
    engines: {node: '>= 0.4'}

  tinyexec@1.0.2:
    resolution: {integrity: sha512-W/KYk+NFhkmsYpuHq5JykngiOCnxeVL8v8dFnqxSD8qEEdRfXk1SDM6JzNqcERbcGYj9tMrDQBYV9cjgnunFIg==}
    engines: {node: '>=18'}

  trpc-cli@0.12.2:
    resolution: {integrity: sha512-kGNCiyOimGlfcZFImbWzFF2Nn3TMnenwUdyuckiN5SEaceJbIac7+Iau3WsVHjQpoNgugFruZMDOKf8GNQNtJw==}
    engines: {node: '>=18'}
    hasBin: true
    peerDependencies:
      '@orpc/server': ^1.0.0
      '@trpc/server': ^10.45.2 || ^11.0.1
      '@valibot/to-json-schema': ^1.1.0
      effect: ^3.14.2 || ^4.0.0
      valibot: ^1.1.0
      zod: ^3.24.0 || ^4.0.0
    peerDependenciesMeta:
      '@orpc/server':
        optional: true
      '@trpc/server':
        optional: true
      '@valibot/to-json-schema':
        optional: true
      effect:
        optional: true
      valibot:
        optional: true
      zod:
        optional: true

  turbo-darwin-64@2.8.12:
    resolution: {integrity: sha512-EiHJmW2MeQQx+21x8hjMHw/uPhXt9PIxvDrxzOtyVwrXzL0tQmsxtO4qHf2l7uA+K6PUJ4+TjY1MHZDuCvWXrw==}
    cpu: [x64]
    os: [darwin]

  turbo-darwin-arm64@2.8.12:
    resolution: {integrity: sha512-cbqqGN0vd7ly2TeuaM8k9AK9u1CABO4kBA5KPSqovTiLL3sORccn/mZzJSbvQf0EsYRfU34MgW5FotfwW3kx8Q==}
    cpu: [arm64]
    os: [darwin]

  turbo-linux-64@2.8.12:
    resolution: {integrity: sha512-jXKw9j4r4q6s0goSXuKI3aKbQK2qiNeP25lGGEnq018TM6SWRW1CCpPMxyG91aCKrub7wDm/K45sGNT4ZFBcFQ==}
    cpu: [x64]
    os: [linux]

  turbo-linux-arm64@2.8.12:
    resolution: {integrity: sha512-BRJCMdyXjyBoL0GYpvj9d2WNfMHwc3tKmJG5ATn2Efvil9LsiOsd/93/NxDqW0jACtHFNVOPnd/CBwXRPiRbwA==}
    cpu: [arm64]
    os: [linux]

  turbo-windows-64@2.8.12:
    resolution: {integrity: sha512-vyFOlpFFzQFkikvSVhVkESEfzIopgs2J7J1rYvtSwSHQ4zmHxkC95Q8Kjkus8gg+8X2mZyP1GS5jirmaypGiPw==}
    cpu: [x64]
    os: [win32]

  turbo-windows-arm64@2.8.12:
    resolution: {integrity: sha512-9nRnlw5DF0LkJClkIws1evaIF36dmmMEO84J5Uj4oQ8C0QTHwlH7DNe5Kq2Jdmu8GXESCNDNuUYG8Cx6W/vm3g==}
    cpu: [arm64]
    os: [win32]

  turbo@2.8.12:
    resolution: {integrity: sha512-auUAMLmi0eJhxDhQrxzvuhfEbICnVt0CTiYQYY8WyRJ5nwCDZxD0JG8bCSxT4nusI2CwJzmZAay5BfF6LmK7Hw==}
    hasBin: true

  typescript@5.9.3:
    resolution: {integrity: sha512-jl1vZzPDinLr9eUt3J/t7V6FgNEw9QjvBPdysz9KfQDD41fQrC2Y4vKQdiaUpFT4bXlb1RHhLpp8wtm6M5TgSw==}
    engines: {node: '>=14.17'}
    hasBin: true

  ultracite@7.0.11:
    resolution: {integrity: sha512-YeuJTf/Tu12l7K0qvl1G525NfrPUay6UFVt6TrTL8QfXcFZBI+Tzr0Dg14Hxcb964pRQF5PjBaUk3bJCNQHu+g==}
    hasBin: true
    peerDependencies:
      oxlint: ^1.0.0
    peerDependenciesMeta:
      oxlint:
        optional: true

  zod@4.3.6:
    resolution: {integrity: sha512-rftlrkhHZOcjDwkGlnUtZZkvaPHCsDATp4pGpuOOMDaTdDDXF91wuVDJoWoPsKX/3YPQ5fHuF3STjcYyKr+Qhg==}

snapshots:

  '@biomejs/biome@2.3.11':
    optionalDependencies:
      '@biomejs/cli-darwin-arm64': 2.3.11
      '@biomejs/cli-darwin-x64': 2.3.11
      '@biomejs/cli-linux-arm64': 2.3.11
      '@biomejs/cli-linux-arm64-musl': 2.3.11
      '@biomejs/cli-linux-x64': 2.3.11
      '@biomejs/cli-linux-x64-musl': 2.3.11
      '@biomejs/cli-win32-arm64': 2.3.11
      '@biomejs/cli-win32-x64': 2.3.11

  '@biomejs/cli-darwin-arm64@2.3.11':
    optional: true

  '@biomejs/cli-darwin-x64@2.3.11':
    optional: true

  '@biomejs/cli-linux-arm64-musl@2.3.11':
    optional: true

  '@biomejs/cli-linux-arm64@2.3.11':
    optional: true

  '@biomejs/cli-linux-x64-musl@2.3.11':
    optional: true

  '@biomejs/cli-linux-x64@2.3.11':
    optional: true

  '@biomejs/cli-win32-arm64@2.3.11':
    optional: true

  '@biomejs/cli-win32-x64@2.3.11':
    optional: true

  '@clack/core@0.5.0':
    dependencies:
      picocolors: 1.1.0
      sisteransi: 1.0.5

  '@clack/prompts@0.11.0':
    dependencies:
      '@clack/core': 0.5.0
      picocolors: 1.1.0
      sisteransi: 1.0.5

  '@isaacs/balanced-match@4.0.1': {}

  '@isaacs/brace-expansion@5.0.0':
    dependencies:
      '@isaacs/balanced-match': 4.0.1

  '@trpc/server@11.8.1(typescript@5.9.3)':
    dependencies:
      typescript: 5.9.3

  '@zeroopensource/zero-cli@0.0.4':
    dependencies:
      '@zeroopensource/zero-id': 0.0.3
      '@zeroopensource/zero-official': 0.0.3
      commander: 14.0.2
      resolve: 1.22.10

  '@zeroopensource/zero-id@0.0.3':
    dependencies:
      '@zeroopensource/zero-cli': 0.0.4
      commander: 14.0.2

  '@zeroopensource/zero-official@0.0.3':
    dependencies:
      '@zeroopensource/zero-cli': 0.0.4
      commander: 10.0.1

  citty@0.1.6:
    dependencies:
      consola: 3.4.2

  commander@10.0.1: {}

  commander@14.0.2: {}

  confbox@0.2.2: {}

  consola@3.4.2: {}

  deepmerge@4.3.1: {}

  exsolve@1.0.8: {}

  function-bind@1.1.2: {}

  glob@13.0.0:
    dependencies:
      minimatch: 10.1.1
      minipass: 7.1.2
      path-scurry: 2.0.1

  hasown@2.0.2:
    dependencies:
      function-bind: 1.1.2

  is-core-module@2.16.1:
    dependencies:
      hasown: 2.0.2

  jsonc-parser@3.3.1: {}

  lru-cache@11.2.4: {}

  minimatch@10.1.1:
    dependencies:
      '@isaacs/brace-expansion': 5.0.0

  minipass@7.1.2: {}

  nypm@0.6.2:
    dependencies:
      citty: 0.1.6
      consola: 3.4.2
      pathe: 2.0.3
      pkg-types: 2.3.0
      tinyexec: 1.0.2

  path-parse@1.0.7: {}

  path-scurry@2.0.1:
    dependencies:
      lru-cache: 11.2.4
      minipass: 7.1.2

  pathe@2.0.3: {}

  picocolors@1.1.0: {}

  pkg-types@2.3.0:
    dependencies:
      confbox: 0.2.2
      exsolve: 1.0.8
      pathe: 2.0.3

  resolve@1.22.10:
    dependencies:
      is-core-module: 2.16.1
      path-parse: 1.0.7
      supports-preserve-symlinks-flag: 1.0.0

  sisteransi@1.0.5: {}

  supports-preserve-symlinks-flag@1.0.0: {}

  tinyexec@1.0.2: {}

  trpc-cli@0.12.2(@trpc/server@11.8.1(typescript@5.9.3))(zod@4.3.6):
    dependencies:
      commander: 14.0.2
    optionalDependencies:
      '@trpc/server': 11.8.1(typescript@5.9.3)
      zod: 4.3.6

  turbo-darwin-64@2.8.12:
    optional: true

  turbo-darwin-arm64@2.8.12:
    optional: true

  turbo-linux-64@2.8.12:
    optional: true

  turbo-linux-arm64@2.8.12:
    optional: true

  turbo-windows-64@2.8.12:
    optional: true

  turbo-windows-arm64@2.8.12:
    optional: true

  turbo@2.8.12:
    optionalDependencies:
      turbo-darwin-64: 2.8.12
      turbo-darwin-arm64: 2.8.12
      turbo-linux-64: 2.8.12
      turbo-linux-arm64: 2.8.12
      turbo-windows-64: 2.8.12
      turbo-windows-arm64: 2.8.12

  typescript@5.9.3: {}

  ultracite@7.0.11(typescript@5.9.3):
    dependencies:
      '@clack/prompts': 0.11.0
      '@trpc/server': 11.8.1(typescript@5.9.3)
      deepmerge: 4.3.1
      glob: 13.0.0
      jsonc-parser: 3.3.1
      nypm: 0.6.2
      trpc-cli: 0.12.2(@trpc/server@11.8.1(typescript@5.9.3))(zod@4.3.6)
      zod: 4.3.6
    transitivePeerDependencies:
      - '@orpc/server'
      - '@valibot/to-json-schema'
      - effect
      - typescript
      - valibot

  zod@4.3.6: {}
